
Microsoft Visual Studio Solution File, Format Version 12.00
# Visual Studio Version 17
VisualStudioVersion = 17.14.36811.4 d17.14
MinimumVisualStudioVersion = 10.0.40219.1
Project("{FAE04EC0-301F-11D3-BF4B-00C04F79EFBC}") = "Module1_1", "ConsoleApp3\Module1_1.csproj", "{4464CAC4-F5CE-4885-A932-A7554C6DB1A5}"
EndProject
Project("{FAE04EC0-301F-11D3-BF4B-00C04F79EFBC}") = "Module1_2", "ConsoleApp1\Module1_2.csproj", "{2038FDF0-5BFE-4602-9573-2EA0774F5DD4}"
EndProject
Project("{FAE04EC0-301F-11D3-BF4B-00C04F79EFBC}") = "Module1_3", "ConsoleApp32\Module1_3.csproj", "{F8DFE256-5BB4-45EB-BAC5-D1F639C7E752}"
EndProject
Global
	GlobalSection(SolutionConfigurationPlatforms) = preSolution
		Debug|Any CPU = Debug|Any CPU
		Release|Any CPU = Release|Any CPU
	EndGlobalSection
	GlobalSection(ProjectConfigurationPlatforms) = postSolution
		{4464CAC4-F5CE-4885-A932-A7554C6DB1A5}.Debug|Any CPU.ActiveCfg = Debug|Any CPU
		{4464CAC4-F5CE-4885-A932-A7554C6DB1A5}.Debug|Any CPU.Build.0 = Debug|Any CPU
		{4464CAC4-F5CE-4885-A932-A7554C6DB1A5}.Release|Any CPU.ActiveCfg = Release|Any CPU
		{4464CAC4-F5CE-4885-A932-A7554C6DB1A5}.Release|Any CPU.Build.0 = Release|Any CPU
		{2038FDF0-5BFE-4602-9573-2EA0774F5DD4}.Debug|Any CPU.ActiveCfg = Debug|Any CPU
		{2038FDF0-5BFE-4602-9573-2EA0774F5DD4}.Debug|Any CPU.Build.0 = Debug|Any CPU
		{2038FDF0-5BFE-4602-9573-2EA0774F5DD4}.Release|Any CPU.ActiveCfg = Release|Any CPU
		{2038FDF0-5BFE-4602-9573-2EA0774F5DD4}.Release|Any CPU.Build.0 = Release|Any CPU
		{F8DFE256-5BB4-45EB-BAC5-D1F639C7E752}.Debug|Any CPU.ActiveCfg = Debug|Any CPU
		{F8DFE256-5BB4-45EB-BAC5-D1F639C7E752}.Debug|Any CPU.Build.0 = Debug|Any CPU
		{F8DFE256-5BB4-45EB-BAC5-D1F639C7E752}.Release|Any CPU.ActiveCfg = Release|Any CPU
		{F8DFE256-5BB4-45EB-BAC5-D1F639C7E752}.Release|Any CPU.Build.0 = Release|Any CPU
	EndGlobalSection
	GlobalSection(SolutionProperties) = preSolution
		HideSolutionNode = FALSE
	EndGlobalSection
	GlobalSection(ExtensibilityGlobals) = postSolution
		SolutionGuid = {E8B74E97-0885-41FD-855A-D98EA20153DD}
	EndGlobalSection
EndGlobal
