
Microsoft Visual Studio Solution File, Format Version 12.00
# Visual Studio Version 17
VisualStudioVersion = 17.14.36811.4
MinimumVisualStudioVersion = 10.0.40219.1
Project("{FAE04EC0-301F-11D3-BF4B-00C04F79EFBC}") = "Module1_1", "Module 1\Module1_1\Module1_1.csproj", "{B9BC3872-A032-CA38-0600-F230F0D677B2}"
EndProject
Project("{FAE04EC0-301F-11D3-BF4B-00C04F79EFBC}") = "Module1_2", "Module 1\Module1_2\Module1_2.csproj", "{4AFC00F1-C899-61ED-8763-70FE7FC132FA}"
EndProject
Project("{FAE04EC0-301F-11D3-BF4B-00C04F79EFBC}") = "Module1_3", "Module 1\Module1_3\Module1_3.csproj", "{EE0A6201-CBEE-A089-D3E9-7B6F06837BC0}"
EndProject
Project("{FAE04EC0-301F-11D3-BF4B-00C04F79EFBC}") = "Module#2", "Module#2\Module#2.csproj", "{261461BA-5A6F-4C82-8320-C6FE8780CE98}"
EndProject
Project("{2150E333-8FDC-42A3-9474-1A3956D46DE8}") = "Module 1", "Module 1", "{36D591C7-65C7-A0D1-1CBC-10CDE441BDC8}"
EndProject
Project("{FAE04EC0-301F-11D3-BF4B-00C04F79EFBC}") = "Module4", "Module4\Module4.csproj", "{4D702520-EACA-4EC9-8C68-C080C82872F4}"
EndProject
Global
	GlobalSection(SolutionConfigurationPlatforms) = preSolution
		Debug|Any CPU = Debug|Any CPU
		Release|Any CPU = Release|Any CPU
	EndGlobalSection
	GlobalSection(ProjectConfigurationPlatforms) = postSolution
		{B9BC3872-A032-CA38-0600-F230F0D677B2}.Debug|Any CPU.ActiveCfg = Debug|Any CPU
		{B9BC3872-A032-CA38-0600-F230F0D677B2}.Debug|Any CPU.Build.0 = Debug|Any CPU
		{B9BC3872-A032-CA38-0600-F230F0D677B2}.Release|Any CPU.ActiveCfg = Release|Any CPU
		{B9BC3872-A032-CA38-0600-F230F0D677B2}.Release|Any CPU.Build.0 = Release|Any CPU
		{4AFC00F1-C899-61ED-8763-70FE7FC132FA}.Debug|Any CPU.ActiveCfg = Debug|Any CPU
		{4AFC00F1-C899-61ED-8763-70FE7FC132FA}.Debug|Any CPU.Build.0 = Debug|Any CPU
		{4AFC00F1-C899-61ED-8763-70FE7FC132FA}.Release|Any CPU.ActiveCfg = Release|Any CPU
		{4AFC00F1-C899-61ED-8763-70FE7FC132FA}.Release|Any CPU.Build.0 = Release|Any CPU
		{EE0A6201-CBEE-A089-D3E9-7B6F06837BC0}.Debug|Any CPU.ActiveCfg = Debug|Any CPU
		{EE0A6201-CBEE-A089-D3E9-7B6F06837BC0}.Debug|Any CPU.Build.0 = Debug|Any CPU
		{EE0A6201-CBEE-A089-D3E9-7B6F06837BC0}.Release|Any CPU.ActiveCfg = Release|Any CPU
		{EE0A6201-CBEE-A089-D3E9-7B6F06837BC0}.Release|Any CPU.Build.0 = Release|Any CPU
		{261461BA-5A6F-4C82-8320-C6FE8780CE98}.Debug|Any CPU.ActiveCfg = Debug|Any CPU
		{261461BA-5A6F-4C82-8320-C6FE8780CE98}.Debug|Any CPU.Build.0 = Debug|Any CPU
		{261461BA-5A6F-4C82-8320-C6FE8780CE98}.Release|Any CPU.ActiveCfg = Release|Any CPU
		{261461BA-5A6F-4C82-8320-C6FE8780CE98}.Release|Any CPU.Build.0 = Release|Any CPU
		{4D702520-EACA-4EC9-8C68-C080C82872F4}.Debug|Any CPU.ActiveCfg = Debug|Any CPU
		{4D702520-EACA-4EC9-8C68-C080C82872F4}.Debug|Any CPU.Build.0 = Debug|Any CPU
		{4D702520-EACA-4EC9-8C68-C080C82872F4}.Release|Any CPU.ActiveCfg = Release|Any CPU
		{4D702520-EACA-4EC9-8C68-C080C82872F4}.Release|Any CPU.Build.0 = Release|Any CPU
	EndGlobalSection
	GlobalSection(SolutionProperties) = preSolution
		HideSolutionNode = FALSE
	EndGlobalSection
	GlobalSection(NestedProjects) = preSolution
		{B9BC3872-A032-CA38-0600-F230F0D677B2} = {36D591C7-65C7-A0D1-1CBC-10CDE441BDC8}
		{4AFC00F1-C899-61ED-8763-70FE7FC132FA} = {36D591C7-65C7-A0D1-1CBC-10CDE441BDC8}
		{EE0A6201-CBEE-A089-D3E9-7B6F06837BC0} = {36D591C7-65C7-A0D1-1CBC-10CDE441BDC8}
	EndGlobalSection
	GlobalSection(ExtensibilityGlobals) = postSolution
		SolutionGuid = {E8B74E97-0885-41FD-855A-D98EA20153DD}
	EndGlobalSection
EndGlobal
